// !$*UTF8*$!
{
	archiveVersion = 1;
	classes = {
	};
	objectVersion = 46;
	objects = {

/* Begin PBXBuildFile section */
		B83F20191D4675D900647BCF /* AppDelegate.swift in Sources */ = {isa = PBXBuildFile; fileRef = B83F20181D4675D900647BCF /* AppDelegate.swift */; };
		B83F201B1D4675D900647BCF /* EmployeeViewController.swift in Sources */ = {isa = PBXBuildFile; fileRef = B83F201A1D4675D900647BCF /* EmployeeViewController.swift */; };
		B83F201E1D4675D900647BCF /* Main.storyboard in Resources */ = {isa = PBXBuildFile; fileRef = B83F201C1D4675D900647BCF /* Main.storyboard */; };
		B83F20211D4675D900647BCF /* EmployeeTracker.xcdatamodeld in Sources */ = {isa = PBXBuildFile; fileRef = B83F201F1D4675D900647BCF /* EmployeeTracker.xcdatamodeld */; };
		B83F20231D4675D900647BCF /* Assets.xcassets in Resources */ = {isa = PBXBuildFile; fileRef = B83F20221D4675D900647BCF /* Assets.xcassets */; };
		B83F20261D4675D900647BCF /* LaunchScreen.storyboard in Resources */ = {isa = PBXBuildFile; fileRef = B83F20241D4675D900647BCF /* LaunchScreen.storyboard */; };
		B83F20311D4675D900647BCF /* EmployeeTrackerTests.swift in Sources */ = {isa = PBXBuildFile; fileRef = B83F20301D4675D900647BCF /* EmployeeTrackerTests.swift */; };
		B83F203C1D467F6100647BCF /* Employee.swift in Sources */ = {isa = PBXBuildFile; fileRef = B83F203B1D467F6100647BCF /* Employee.swift */; };
		B83F203E1D4680E100647BCF /* EmployeeTableViewCell.swift in Sources */ = {isa = PBXBuildFile; fileRef = B83F203D1D4680E100647BCF /* EmployeeTableViewCell.swift */; };
		B83F20401D4682EA00647BCF /* EmployeeTableViewController.swift in Sources */ = {isa = PBXBuildFile; fileRef = B83F203F1D4682EA00647BCF /* EmployeeTableViewController.swift */; };
/* End PBXBuildFile section */

/* Begin PBXContainerItemProxy section */
		B83F202D1D4675D900647BCF /* PBXContainerItemProxy */ = {
			isa = PBXContainerItemProxy;
			containerPortal = B83F200D1D4675D900647BCF /* Project object */;
			proxyType = 1;
			remoteGlobalIDString = B83F20141D4675D900647BCF;
			remoteInfo = EmployeeTracker;
		};
/* End PBXContainerItemProxy section */

/* Begin PBXFileReference section */
		B83F20151D4675D900647BCF /* EmployeeTracker.app */ = {isa = PBXFileReference; explicitFileType = wrapper.application; includeInIndex = 0; path = EmployeeTracker.app; sourceTree = BUILT_PRODUCTS_DIR; };
		B83F20181D4675D900647BCF /* AppDelegate.swift */ = {isa = PBXFileReference; lastKnownFileType = sourcecode.swift; path = AppDelegate.swift; sourceTree = "<group>"; };
		B83F201A1D4675D900647BCF /* EmployeeViewController.swift */ = {isa = PBXFileReference; lastKnownFileType = sourcecode.swift; path = EmployeeViewController.swift; sourceTree = "<group>"; };
		B83F201D1D4675D900647BCF /* Base */ = {isa = PBXFileReference; lastKnownFileType = file.storyboard; name = Base; path = Base.lproj/Main.storyboard; sourceTree = "<group>"; };
		B83F20201D4675D900647BCF /* EmployeeTracker.xcdatamodel */ = {isa = PBXFileReference; lastKnownFileType = wrapper.xcdatamodel; path = EmployeeTracker.xcdatamodel; sourceTree = "<group>"; };
		B83F20221D4675D900647BCF /* Assets.xcassets */ = {isa = PBXFileReference; lastKnownFileType = folder.assetcatalog; path = Assets.xcassets; sourceTree = "<group>"; };
		B83F20251D4675D900647BCF /* Base */ = {isa = PBXFileReference; lastKnownFileType = file.storyboard; name = Base; path = Base.lproj/LaunchScreen.storyboard; sourceTree = "<group>"; };
		B83F20271D4675D900647BCF /* Info.plist */ = {isa = PBXFileReference; lastKnownFileType = text.plist.xml; path = Info.plist; sourceTree = "<group>"; };
		B83F202C1D4675D900647BCF /* EmployeeTrackerTests.xctest */ = {isa = PBXFileReference; explicitFileType = wrapper.cfbundle; includeInIndex = 0; path = EmployeeTrackerTests.xctest; sourceTree = BUILT_PRODUCTS_DIR; };
		B83F20301D4675D900647BCF /* EmployeeTrackerTests.swift */ = {isa = PBXFileReference; lastKnownFileType = sourcecode.swift; path = EmployeeTrackerTests.swift; sourceTree = "<group>"; };
		B83F20321D4675D900647BCF /* Info.plist */ = {isa = PBXFileReference; lastKnownFileType = text.plist.xml; path = Info.plist; sourceTree = "<group>"; };
		B83F203B1D467F6100647BCF /* Employee.swift */ = {isa = PBXFileReference; fileEncoding = 4; lastKnownFileType = sourcecode.swift; path = Employee.swift; sourceTree = "<group>"; };
		B83F203D1D4680E100647BCF /* EmployeeTableViewCell.swift */ = {isa = PBXFileReference; fileEncoding = 4; lastKnownFileType = sourcecode.swift; path = EmployeeTableViewCell.swift; sourceTree = "<group>"; };
		B83F203F1D4682EA00647BCF /* EmployeeTableViewController.swift */ = {isa = PBXFileReference; fileEncoding = 4; lastKnownFileType = sourcecode.swift; path = EmployeeTableViewController.swift; sourceTree = "<group>"; };
/* End PBXFileReference section */

/* Begin PBXFrameworksBuildPhase section */
		B83F20121D4675D900647BCF /* Frameworks */ = {
			isa = PBXFrameworksBuildPhase;
			buildActionMask = 2147483647;
			files = (
			);
			runOnlyForDeploymentPostprocessing = 0;
		};
		B83F20291D4675D900647BCF /* Frameworks */ = {
			isa = PBXFrameworksBuildPhase;
			buildActionMask = 2147483647;
			files = (
			);
			runOnlyForDeploymentPostprocessing = 0;
		};
/* End PBXFrameworksBuildPhase section */

/* Begin PBXGroup section */
		B83F200C1D4675D900647BCF = {
			isa = PBXGroup;
			children = (
				B83F20171D4675D900647BCF /* EmployeeTracker */,
				B83F202F1D4675D900647BCF /* EmployeeTrackerTests */,
				B83F20161D4675D900647BCF /* Products */,
			);
			sourceTree = "<group>";
		};
		B83F20161D4675D900647BCF /* Products */ = {
			isa = PBXGroup;
			children = (
				B83F20151D4675D900647BCF /* EmployeeTracker.app */,
				B83F202C1D4675D900647BCF /* EmployeeTrackerTests.xctest */,
			);
			name = Products;
			sourceTree = "<group>";
		};
		B83F20171D4675D900647BCF /* EmployeeTracker */ = {
			isa = PBXGroup;
			children = (
				B83F201C1D4675D900647BCF /* Main.storyboard */,
				B83F20241D4675D900647BCF /* LaunchScreen.storyboard */,
				B83F20181D4675D900647BCF /* AppDelegate.swift */,
				B83F201A1D4675D900647BCF /* EmployeeViewController.swift */,
				B83F203B1D467F6100647BCF /* Employee.swift */,
				B83F203D1D4680E100647BCF /* EmployeeTableViewCell.swift */,
				B83F203F1D4682EA00647BCF /* EmployeeTableViewController.swift */,
				B83F20221D4675D900647BCF /* Assets.xcassets */,
				B83F20271D4675D900647BCF /* Info.plist */,
				B83F201F1D4675D900647BCF /* EmployeeTracker.xcdatamodeld */,
			);
			path = EmployeeTracker;
			sourceTree = "<group>";
		};
		B83F202F1D4675D900647BCF /* EmployeeTrackerTests */ = {
			isa = PBXGroup;
			children = (
				B83F20301D4675D900647BCF /* EmployeeTrackerTests.swift */,
				B83F20321D4675D900647BCF /* Info.plist */,
			);
			path = EmployeeTrackerTests;
			sourceTree = "<group>";
		};
/* End PBXGroup section */

/* Begin PBXNativeTarget section */
		B83F20141D4675D900647BCF /* EmployeeTracker */ = {
			isa = PBXNativeTarget;
			buildConfigurationList = B83F20351D4675D900647BCF /* Build configuration list for PBXNativeTarget "EmployeeTracker" */;
			buildPhases = (
				B83F20111D4675D900647BCF /* Sources */,
				B83F20121D4675D900647BCF /* Frameworks */,
				B83F20131D4675D900647BCF /* Resources */,
			);
			buildRules = (
			);
			dependencies = (
			);
			name = EmployeeTracker;
			productName = EmployeeTracker;
			productReference = B83F20151D4675D900647BCF /* EmployeeTracker.app */;
			productType = "com.apple.product-type.application";
		};
		B83F202B1D4675D900647BCF /* EmployeeTrackerTests */ = {
			isa = PBXNativeTarget;
			buildConfigurationList = B83F20381D4675D900647BCF /* Build configuration list for PBXNativeTarget "EmployeeTrackerTests" */;
			buildPhases = (
				B83F20281D4675D900647BCF /* Sources */,
				B83F20291D4675D900647BCF /* Frameworks */,
				B83F202A1D4675D900647BCF /* Resources */,
			);
			buildRules = (
			);
			dependencies = (
				B83F202E1D4675D900647BCF /* PBXTargetDependency */,
			);
			name = EmployeeTrackerTests;
			productName = EmployeeTrackerTests;
			productReference = B83F202C1D4675D900647BCF /* EmployeeTrackerTests.xctest */;
			productType = "com.apple.product-type.bundle.unit-test";
		};
/* End PBXNativeTarget section */

/* Begin PBXProject section */
		B83F200D1D4675D900647BCF /* Project object */ = {
			isa = PBXProject;
			attributes = {
				LastSwiftUpdateCheck = 0730;
				LastUpgradeCheck = 0730;
				ORGANIZATIONNAME = "Catalyst DevWorks";
				TargetAttributes = {
					B83F20141D4675D900647BCF = {
						CreatedOnToolsVersion = 7.3.1;
					};
					B83F202B1D4675D900647BCF = {
						CreatedOnToolsVersion = 7.3.1;
						TestTargetID = B83F20141D4675D900647BCF;
					};
				};
			};
			buildConfigurationList = B83F20101D4675D900647BCF /* Build configuration list for PBXProject "EmployeeTracker" */;
			compatibilityVersion = "Xcode 3.2";
			developmentRegion = English;
			hasScannedForEncodings = 0;
			knownRegions = (
				en,
				Base,
			);
			mainGroup = B83F200C1D4675D900647BCF;
			productRefGroup = B83F20161D4675D900647BCF /* Products */;
			projectDirPath = "";
			projectRoot = "";
			targets = (
				B83F20141D4675D900647BCF /* EmployeeTracker */,
				B83F202B1D4675D900647BCF /* EmployeeTrackerTests */,
			);
		};
/* End PBXProject section */

/* Begin PBXResourcesBuildPhase section */
		B83F20131D4675D900647BCF /* Resources */ = {
			isa = PBXResourcesBuildPhase;
			buildActionMask = 2147483647;
			files = (
				B83F20261D4675D900647BCF /* LaunchScreen.storyboard in Resources */,
				B83F20231D4675D900647BCF /* Assets.xcassets in Resources */,
				B83F201E1D4675D900647BCF /* Main.storyboard in Resources */,
			);
			runOnlyForDeploymentPostprocessing = 0;
		};
		B83F202A1D4675D900647BCF /* Resources */ = {
			isa = PBXResourcesBuildPhase;
			buildActionMask = 2147483647;
			files = (
			);
			runOnlyForDeploymentPostprocessing = 0;
		};
/* End PBXResourcesBuildPhase section */

/* Begin PBXSourcesBuildPhase section */
		B83F20111D4675D900647BCF /* Sources */ = {
			isa = PBXSourcesBuildPhase;
			buildActionMask = 2147483647;
			files = (
				B83F201B1D4675D900647BCF /* EmployeeViewController.swift in Sources */,
				B83F20401D4682EA00647BCF /* EmployeeTableViewController.swift in Sources */,
				B83F203C1D467F6100647BCF /* Employee.swift in Sources */,
				B83F20211D4675D900647BCF /* EmployeeTracker.xcdatamodeld in Sources */,
				B83F203E1D4680E100647BCF /* EmployeeTableViewCell.swift in Sources */,
				B83F20191D4675D900647BCF /* AppDelegate.swift in Sources */,
			);
			runOnlyForDeploymentPostprocessing = 0;
		};
		B83F20281D4675D900647BCF /* Sources */ = {
			isa = PBXSourcesBuildPhase;
			buildActionMask = 2147483647;
			files = (
				B83F20311D4675D900647BCF /* EmployeeTrackerTests.swift in Sources */,
			);
			runOnlyForDeploymentPostprocessing = 0;
		};
/* End PBXSourcesBuildPhase section */

/* Begin PBXTargetDependency section */
		B83F202E1D4675D900647BCF /* PBXTargetDependency */ = {
			isa = PBXTargetDependency;
			target = B83F20141D4675D900647BCF /* EmployeeTracker */;
			targetProxy = B83F202D1D4675D900647BCF /* PBXContainerItemProxy */;
		};
/* End PBXTargetDependency section */

/* Begin PBXVariantGroup section */
		B83F201C1D4675D900647BCF /* Main.storyboard */ = {
			isa = PBXVariantGroup;
			children = (
				B83F201D1D4675D900647BCF /* Base */,
			);
			name = Main.storyboard;
			sourceTree = "<group>";
		};
		B83F20241D4675D900647BCF /* LaunchScreen.storyboard */ = {
			isa = PBXVariantGroup;
			children = (
				B83F20251D4675D900647BCF /* Base */,
			);
			name = LaunchScreen.storyboard;
			sourceTree = "<group>";
		};
/* End PBXVariantGroup section */

/* Begin XCBuildConfiguration section */
		B83F20331D4675D900647BCF /* Debug */ = {
			isa = XCBuildConfiguration;
			buildSettings = {
				ALWAYS_SEARCH_USER_PATHS = NO;
				CLANG_ANALYZER_NONNULL = YES;
				CLANG_CXX_LANGUAGE_STANDARD = "gnu++0x";
				CLANG_CXX_LIBRARY = "libc++";
				CLANG_ENABLE_MODULES = YES;
				CLANG_ENABLE_OBJC_ARC = YES;
				CLANG_WARN_BOOL_CONVERSION = YES;
				CLANG_WARN_CONSTANT_CONVERSION = YES;
				CLANG_WARN_DIRECT_OBJC_ISA_USAGE = YES_ERROR;
				CLANG_WARN_EMPTY_BODY = YES;
				CLANG_WARN_ENUM_CONVERSION = YES;
				CLANG_WARN_INT_CONVERSION = YES;
				CLANG_WARN_OBJC_ROOT_CLASS = YES_ERROR;
				CLANG_WARN_UNREACHABLE_CODE = YES;
				CLANG_WARN__DUPLICATE_METHOD_MATCH = YES;
				"CODE_SIGN_IDENTITY[sdk=iphoneos*]" = "iPhone Developer";
				COPY_PHASE_STRIP = NO;
				DEBUG_INFORMATION_FORMAT = dwarf;
				ENABLE_STRICT_OBJC_MSGSEND = YES;
				ENABLE_TESTABILITY = YES;
				GCC_C_LANGUAGE_STANDARD = gnu99;
				GCC_DYNAMIC_NO_PIC = NO;
				GCC_NO_COMMON_BLOCKS = YES;
				GCC_OPTIMIZATION_LEVEL = 0;
				GCC_PREPROCESSOR_DEFINITIONS = (
					"DEBUG=1",
					"$(inherited)",
				);
				GCC_WARN_64_TO_32_BIT_CONVERSION = YES;
				GCC_WARN_ABOUT_RETURN_TYPE = YES_ERROR;
				GCC_WARN_UNDECLARED_SELECTOR = YES;
				GCC_WARN_UNINITIALIZED_AUTOS = YES_AGGRESSIVE;
				GCC_WARN_UNUSED_FUNCTION = YES;
				GCC_WARN_UNUSED_VARIABLE = YES;
				IPHONEOS_DEPLOYMENT_TARGET = 9.3;
				MTL_ENABLE_DEBUG_INFO = YES;
				ONLY_ACTIVE_ARCH = YES;
				SDKROOT = iphoneos;
				SWIFT_OPTIMIZATION_LEVEL = "-Onone";
			};
			name = Debug;
		};
		B83F20341D4675D900647BCF /* Release */ = {
			isa = XCBuildConfiguration;
			buildSettings = {
				ALWAYS_SEARCH_USER_PATHS = NO;
				CLANG_ANALYZER_NONNULL = YES;
				CLANG_CXX_LANGUAGE_STANDARD = "gnu++0x";
				CLANG_CXX_LIBRARY = "libc++";
				CLANG_ENABLE_MODULES = YES;
				CLANG_ENABLE_OBJC_ARC = YES;
				CLANG_WARN_BOOL_CONVERSION = YES;
				CLANG_WARN_CONSTANT_CONVERSION = YES;
				CLANG_WARN_DIRECT_OBJC_ISA_USAGE = YES_ERROR;
				CLANG_WARN_EMPTY_BODY = YES;
				CLANG_WARN_ENUM_CONVERSION = YES;
				CLANG_WARN_INT_CONVERSION = YES;
				CLANG_WARN_OBJC_ROOT_CLASS = YES_ERROR;
				CLANG_WARN_UNREACHABLE_CODE = YES;
				CLANG_WARN__DUPLICATE_METHOD_MATCH = YES;
				"CODE_SIGN_IDENTITY[sdk=iphoneos*]" = "iPhone Developer";
				COPY_PHASE_STRIP = NO;
				DEBUG_INFORMATION_FORMAT = "dwarf-with-dsym";
				ENABLE_NS_ASSERTIONS = NO;
				ENABLE_STRICT_OBJC_MSGSEND = YES;
				GCC_C_LANGUAGE_STANDARD = gnu99;
				GCC_NO_COMMON_BLOCKS = YES;
				GCC_WARN_64_TO_32_BIT_CONVERSION = YES;
				GCC_WARN_ABOUT_RETURN_TYPE = YES_ERROR;
				GCC_WARN_UNDECLARED_SELECTOR = YES;
				GCC_WARN_UNINITIALIZED_AUTOS = YES_AGGRESSIVE;
				GCC_WARN_UNUSED_FUNCTION = YES;
				GCC_WARN_UNUSED_VARIABLE = YES;
				IPHONEOS_DEPLOYMENT_TARGET = 9.3;
				MTL_ENABLE_DEBUG_INFO = NO;
				SDKROOT = iphoneos;
				VALIDATE_PRODUCT = YES;
			};
			name = Release;
		};
		B83F20361D4675D900647BCF /* Debug */ = {
			isa = XCBuildConfiguration;
			buildSettings = {
				ASSETCATALOG_COMPILER_APPICON_NAME = AppIcon;
				INFOPLIST_FILE = EmployeeTracker/Info.plist;
				LD_RUNPATH_SEARCH_PATHS = "$(inherited) @executable_path/Frameworks";
				PRODUCT_BUNDLE_IDENTIFIER = com.CatalystDevWorks.nDuncan.EmployeeTracker;
				PRODUCT_NAME = "$(TARGET_NAME)";
			};
			name = Debug;
		};
		B83F20371D4675D900647BCF /* Release */ = {
			isa = XCBuildConfiguration;
			buildSettings = {
				ASSETCATALOG_COMPILER_APPICON_NAME = AppIcon;
				INFOPLIST_FILE = EmployeeTracker/Info.plist;
				LD_RUNPATH_SEARCH_PATHS = "$(inherited) @executable_path/Frameworks";
				PRODUCT_BUNDLE_IDENTIFIER = com.CatalystDevWorks.nDuncan.EmployeeTracker;
				PRODUCT_NAME = "$(TARGET_NAME)";
			};
			name = Release;
		};
		B83F20391D4675D900647BCF /* Debug */ = {
			isa = XCBuildConfiguration;
			buildSettings = {
				BUNDLE_LOADER = "$(TEST_HOST)";
				INFOPLIST_FILE = EmployeeTrackerTests/Info.plist;
				LD_RUNPATH_SEARCH_PATHS = "$(inherited) @executable_path/Frameworks @loader_path/Frameworks";
				PRODUCT_BUNDLE_IDENTIFIER = com.CatalystDevWorks.nDuncan.EmployeeTrackerTests;
				PRODUCT_NAME = "$(TARGET_NAME)";
				TEST_HOST = "$(BUILT_PRODUCTS_DIR)/EmployeeTracker.app/EmployeeTracker";
			};
			name = Debug;
		};
		B83F203A1D4675D900647BCF /* Release */ = {
			isa = XCBuildConfiguration;
			buildSettings = {
				BUNDLE_LOADER = "$(TEST_HOST)";
				INFOPLIST_FILE = EmployeeTrackerTests/Info.plist;
				LD_RUNPATH_SEARCH_PATHS = "$(inherited) @executable_path/Frameworks @loader_path/Frameworks";
				PRODUCT_BUNDLE_IDENTIFIER = com.CatalystDevWorks.nDuncan.EmployeeTrackerTests;
				PRODUCT_NAME = "$(TARGET_NAME)";
				TEST_HOST = "$(BUILT_PRODUCTS_DIR)/EmployeeTracker.app/EmployeeTracker";
			};
			name = Release;
		};
/* End XCBuildConfiguration section */

/* Begin XCConfigurationList section */
		B83F20101D4675D900647BCF /* Build configuration list for PBXProject "EmployeeTracker" */ = {
			isa = XCConfigurationList;
			buildConfigurations = (
				B83F20331D4675D900647BCF /* Debug */,
				B83F20341D4675D900647BCF /* Release */,
			);
			defaultConfigurationIsVisible = 0;
			defaultConfigurationName = Release;
		};
		B83F20351D4675D900647BCF /* Build configuration list for PBXNativeTarget "EmployeeTracker" */ = {
			isa = XCConfigurationList;
			buildConfigurations = (
				B83F20361D4675D900647BCF /* Debug */,
				B83F20371D4675D900647BCF /* Release */,
			);
			defaultConfigurationIsVisible = 0;
		};
		B83F20381D4675D900647BCF /* Build configuration list for PBXNativeTarget "EmployeeTrackerTests" */ = {
			isa = XCConfigurationList;
			buildConfigurations = (
				B83F20391D4675D900647BCF /* Debug */,
				B83F203A1D4675D900647BCF /* Release */,
			);
			defaultConfigurationIsVisible = 0;
		};
/* End XCConfigurationList section */

/* Begin XCVersionGroup section */
		B83F201F1D4675D900647BCF /* EmployeeTracker.xcdatamodeld */ = {
			isa = XCVersionGroup;
			children = (
				B83F20201D4675D900647BCF /* EmployeeTracker.xcdatamodel */,
			);
			currentVersion = B83F20201D4675D900647BCF /* EmployeeTracker.xcdatamodel */;
			path = EmployeeTracker.xcdatamodeld;
			sourceTree = "<group>";
			versionGroupType = wrapper.xcdatamodel;
		};
/* End XCVersionGroup section */
	};
	rootObject = B83F200D1D4675D900647BCF /* Project object */;
}
